
Microsoft Visual Studio Solution File, Format Version 12.00
# Visual Studio 14
VisualStudioVersion = 14.0.25420.1
MinimumVisualStudioVersion = 10.0.40219.1
Project("{FAE04EC0-301F-11D3-BF4B-00C04F79EFBC}") = "GuiaAviturismo", "GuiaAviturismo\GuiaAviturismo\GuiaAviturismo.csproj", "{170B4927-9E78-495E-A923-9288166958EF}"
EndProject
Project("{FAE04EC0-301F-11D3-BF4B-00C04F79EFBC}") = "GuiaAviturismo.Droid", "GuiaAviturismo\GuiaAviturismo.Droid\GuiaAviturismo.Droid.csproj", "{7CBAA2B6-115E-4ECF-8FDF-DBA1E67E64CE}"
EndProject
Project("{FAE04EC0-301F-11D3-BF4B-00C04F79EFBC}") = "GuiaAviturismo.iOS", "GuiaAviturismo\GuiaAviturismo.iOS\GuiaAviturismo.iOS.csproj", "{B4EDFD70-3CF6-47A9-AE0C-F47B23E7E6CF}"
EndProject
Project("{FAE04EC0-301F-11D3-BF4B-00C04F79EFBC}") = "GuiaAviturismo.WinPhone", "GuiaAviturismo\GuiaAviturismo.WinPhone\GuiaAviturismo.WinPhone.csproj", "{C1180CC9-B739-4A4B-A5AE-9324BEAF57F8}"
EndProject
Project("{FAE04EC0-301F-11D3-BF4B-00C04F79EFBC}") = "GuiaAviturismo.UWP", "GuiaAviturismo\GuiaAviturismo.UWP\GuiaAviturismo.UWP.csproj", "{96F46B9F-D8CC-4B4C-9527-3B5795B1C581}"
EndProject
Project("{FAE04EC0-301F-11D3-BF4B-00C04F79EFBC}") = "GuiaAviturismo.Windows", "GuiaAviturismo\GuiaAviturismo.Windows\GuiaAviturismo.Windows.csproj", "{DABFED39-1503-43AD-899E-8C7FE3BB5E05}"
EndProject
Global
	GlobalSection(SolutionConfigurationPlatforms) = preSolution
		Ad-Hoc|Any CPU = Ad-Hoc|Any CPU
		Ad-Hoc|ARM = Ad-Hoc|ARM
		Ad-Hoc|iPhone = Ad-Hoc|iPhone
		Ad-Hoc|iPhoneSimulator = Ad-Hoc|iPhoneSimulator
		Ad-Hoc|x64 = Ad-Hoc|x64
		Ad-Hoc|x86 = Ad-Hoc|x86
		AppStore|Any CPU = AppStore|Any CPU
		AppStore|ARM = AppStore|ARM
		AppStore|iPhone = AppStore|iPhone
		AppStore|iPhoneSimulator = AppStore|iPhoneSimulator
		AppStore|x64 = AppStore|x64
		AppStore|x86 = AppStore|x86
		Debug|Any CPU = Debug|Any CPU
		Debug|ARM = Debug|ARM
		Debug|iPhone = Debug|iPhone
		Debug|iPhoneSimulator = Debug|iPhoneSimulator
		Debug|x64 = Debug|x64
		Debug|x86 = Debug|x86
		Release|Any CPU = Release|Any CPU
		Release|ARM = Release|ARM
		Release|iPhone = Release|iPhone
		Release|iPhoneSimulator = Release|iPhoneSimulator
		Release|x64 = Release|x64
		Release|x86 = Release|x86
	EndGlobalSection
	GlobalSection(ProjectConfigurationPlatforms) = postSolution
		{170B4927-9E78-495E-A923-9288166958EF}.Ad-Hoc|Any CPU.ActiveCfg = Release|Any CPU
		{170B4927-9E78-495E-A923-9288166958EF}.Ad-Hoc|Any CPU.Build.0 = Release|Any CPU
		{170B4927-9E78-495E-A923-9288166958EF}.Ad-Hoc|ARM.ActiveCfg = Release|Any CPU
		{170B4927-9E78-495E-A923-9288166958EF}.Ad-Hoc|ARM.Build.0 = Release|Any CPU
		{170B4927-9E78-495E-A923-9288166958EF}.Ad-Hoc|iPhone.ActiveCfg = Release|Any CPU
		{170B4927-9E78-495E-A923-9288166958EF}.Ad-Hoc|iPhone.Build.0 = Release|Any CPU
		{170B4927-9E78-495E-A923-9288166958EF}.Ad-Hoc|iPhoneSimulator.ActiveCfg = Release|Any CPU
		{170B4927-9E78-495E-A923-9288166958EF}.Ad-Hoc|iPhoneSimulator.Build.0 = Release|Any CPU
		{170B4927-9E78-495E-A923-9288166958EF}.Ad-Hoc|x64.ActiveCfg = Release|Any CPU
		{170B4927-9E78-495E-A923-9288166958EF}.Ad-Hoc|x64.Build.0 = Release|Any CPU
		{170B4927-9E78-495E-A923-9288166958EF}.Ad-Hoc|x86.ActiveCfg = Release|Any CPU
		{170B4927-9E78-495E-A923-9288166958EF}.Ad-Hoc|x86.Build.0 = Release|Any CPU
		{170B4927-9E78-495E-A923-9288166958EF}.AppStore|Any CPU.ActiveCfg = Release|Any CPU
		{170B4927-9E78-495E-A923-9288166958EF}.AppStore|Any CPU.Build.0 = Release|Any CPU
		{170B4927-9E78-495E-A923-9288166958EF}.AppStore|ARM.ActiveCfg = Release|Any CPU
		{170B4927-9E78-495E-A923-9288166958EF}.AppStore|ARM.Build.0 = Release|Any CPU
		{170B4927-9E78-495E-A923-9288166958EF}.AppStore|iPhone.ActiveCfg = Release|Any CPU
		{170B4927-9E78-495E-A923-9288166958EF}.AppStore|iPhone.Build.0 = Release|Any CPU
		{170B4927-9E78-495E-A923-9288166958EF}.AppStore|iPhoneSimulator.ActiveCfg = Release|Any CPU
		{170B4927-9E78-495E-A923-9288166958EF}.AppStore|iPhoneSimulator.Build.0 = Release|Any CPU
		{170B4927-9E78-495E-A923-9288166958EF}.AppStore|x64.ActiveCfg = Release|Any CPU
		{170B4927-9E78-495E-A923-9288166958EF}.AppStore|x64.Build.0 = Release|Any CPU
		{170B4927-9E78-495E-A923-9288166958EF}.AppStore|x86.ActiveCfg = Release|Any CPU
		{170B4927-9E78-495E-A923-9288166958EF}.AppStore|x86.Build.0 = Release|Any CPU
		{170B4927-9E78-495E-A923-9288166958EF}.Debug|Any CPU.ActiveCfg = Debug|Any CPU
		{170B4927-9E78-495E-A923-9288166958EF}.Debug|Any CPU.Build.0 = Debug|Any CPU
		{170B4927-9E78-495E-A923-9288166958EF}.Debug|ARM.ActiveCfg = Debug|Any CPU
		{170B4927-9E78-495E-A923-9288166958EF}.Debug|ARM.Build.0 = Debug|Any CPU
		{170B4927-9E78-495E-A923-9288166958EF}.Debug|iPhone.ActiveCfg = Debug|Any CPU
		{170B4927-9E78-495E-A923-9288166958EF}.Debug|iPhone.Build.0 = Debug|Any CPU
		{170B4927-9E78-495E-A923-9288166958EF}.Debug|iPhoneSimulator.ActiveCfg = Debug|Any CPU
		{170B4927-9E78-495E-A923-9288166958EF}.Debug|iPhoneSimulator.Build.0 = Debug|Any CPU
		{170B4927-9E78-495E-A923-9288166958EF}.Debug|x64.ActiveCfg = Debug|Any CPU
		{170B4927-9E78-495E-A923-9288166958EF}.Debug|x64.Build.0 = Debug|Any CPU
		{170B4927-9E78-495E-A923-9288166958EF}.Debug|x86.ActiveCfg = Debug|Any CPU
		{170B4927-9E78-495E-A923-9288166958EF}.Debug|x86.Build.0 = Debug|Any CPU
		{170B4927-9E78-495E-A923-9288166958EF}.Release|Any CPU.ActiveCfg = Release|Any CPU
		{170B4927-9E78-495E-A923-9288166958EF}.Release|Any CPU.Build.0 = Release|Any CPU
		{170B4927-9E78-495E-A923-9288166958EF}.Release|ARM.ActiveCfg = Release|Any CPU
		{170B4927-9E78-495E-A923-9288166958EF}.Release|ARM.Build.0 = Release|Any CPU
		{170B4927-9E78-495E-A923-9288166958EF}.Release|iPhone.ActiveCfg = Release|Any CPU
		{170B4927-9E78-495E-A923-9288166958EF}.Release|iPhone.Build.0 = Release|Any CPU
		{170B4927-9E78-495E-A923-9288166958EF}.Release|iPhoneSimulator.ActiveCfg = Release|Any CPU
		{170B4927-9E78-495E-A923-9288166958EF}.Release|iPhoneSimulator.Build.0 = Release|Any CPU
		{170B4927-9E78-495E-A923-9288166958EF}.Release|x64.ActiveCfg = Release|Any CPU
		{170B4927-9E78-495E-A923-9288166958EF}.Release|x64.Build.0 = Release|Any CPU
		{170B4927-9E78-495E-A923-9288166958EF}.Release|x86.ActiveCfg = Release|Any CPU
		{170B4927-9E78-495E-A923-9288166958EF}.Release|x86.Build.0 = Release|Any CPU
		{7CBAA2B6-115E-4ECF-8FDF-DBA1E67E64CE}.Ad-Hoc|Any CPU.ActiveCfg = Release|Any CPU
		{7CBAA2B6-115E-4ECF-8FDF-DBA1E67E64CE}.Ad-Hoc|Any CPU.Build.0 = Release|Any CPU
		{7CBAA2B6-115E-4ECF-8FDF-DBA1E67E64CE}.Ad-Hoc|Any CPU.Deploy.0 = Release|Any CPU
		{7CBAA2B6-115E-4ECF-8FDF-DBA1E67E64CE}.Ad-Hoc|ARM.ActiveCfg = Release|Any CPU
		{7CBAA2B6-115E-4ECF-8FDF-DBA1E67E64CE}.Ad-Hoc|ARM.Build.0 = Release|Any CPU
		{7CBAA2B6-115E-4ECF-8FDF-DBA1E67E64CE}.Ad-Hoc|ARM.Deploy.0 = Release|Any CPU
		{7CBAA2B6-115E-4ECF-8FDF-DBA1E67E64CE}.Ad-Hoc|iPhone.ActiveCfg = Release|Any CPU
		{7CBAA2B6-115E-4ECF-8FDF-DBA1E67E64CE}.Ad-Hoc|iPhone.Build.0 = Release|Any CPU
		{7CBAA2B6-115E-4ECF-8FDF-DBA1E67E64CE}.Ad-Hoc|iPhone.Deploy.0 = Release|Any CPU
		{7CBAA2B6-115E-4ECF-8FDF-DBA1E67E64CE}.Ad-Hoc|iPhoneSimulator.ActiveCfg = Release|Any CPU
		{7CBAA2B6-115E-4ECF-8FDF-DBA1E67E64CE}.Ad-Hoc|iPhoneSimulator.Build.0 = Release|Any CPU
		{7CBAA2B6-115E-4ECF-8FDF-DBA1E67E64CE}.Ad-Hoc|iPhoneSimulator.Deploy.0 = Release|Any CPU
		{7CBAA2B6-115E-4ECF-8FDF-DBA1E67E64CE}.Ad-Hoc|x64.ActiveCfg = Release|Any CPU
		{7CBAA2B6-115E-4ECF-8FDF-DBA1E67E64CE}.Ad-Hoc|x64.Build.0 = Release|Any CPU
		{7CBAA2B6-115E-4ECF-8FDF-DBA1E67E64CE}.Ad-Hoc|x64.Deploy.0 = Release|Any CPU
		{7CBAA2B6-115E-4ECF-8FDF-DBA1E67E64CE}.Ad-Hoc|x86.ActiveCfg = Release|Any CPU
		{7CBAA2B6-115E-4ECF-8FDF-DBA1E67E64CE}.Ad-Hoc|x86.Build.0 = Release|Any CPU
		{7CBAA2B6-115E-4ECF-8FDF-DBA1E67E64CE}.Ad-Hoc|x86.Deploy.0 = Release|Any CPU
		{7CBAA2B6-115E-4ECF-8FDF-DBA1E67E64CE}.AppStore|Any CPU.ActiveCfg = Release|Any CPU
		{7CBAA2B6-115E-4ECF-8FDF-DBA1E67E64CE}.AppStore|Any CPU.Build.0 = Release|Any CPU
		{7CBAA2B6-115E-4ECF-8FDF-DBA1E67E64CE}.AppStore|Any CPU.Deploy.0 = Release|Any CPU
		{7CBAA2B6-115E-4ECF-8FDF-DBA1E67E64CE}.AppStore|ARM.ActiveCfg = Release|Any CPU
		{7CBAA2B6-115E-4ECF-8FDF-DBA1E67E64CE}.AppStore|ARM.Build.0 = Release|Any CPU
		{7CBAA2B6-115E-4ECF-8FDF-DBA1E67E64CE}.AppStore|ARM.Deploy.0 = Release|Any CPU
		{7CBAA2B6-115E-4ECF-8FDF-DBA1E67E64CE}.AppStore|iPhone.ActiveCfg = Release|Any CPU
		{7CBAA2B6-115E-4ECF-8FDF-DBA1E67E64CE}.AppStore|iPhone.Build.0 = Release|Any CPU
		{7CBAA2B6-115E-4ECF-8FDF-DBA1E67E64CE}.AppStore|iPhone.Deploy.0 = Release|Any CPU
		{7CBAA2B6-115E-4ECF-8FDF-DBA1E67E64CE}.AppStore|iPhoneSimulator.ActiveCfg = Release|Any CPU
		{7CBAA2B6-115E-4ECF-8FDF-DBA1E67E64CE}.AppStore|iPhoneSimulator.Build.0 = Release|Any CPU
		{7CBAA2B6-115E-4ECF-8FDF-DBA1E67E64CE}.AppStore|iPhoneSimulator.Deploy.0 = Release|Any CPU
		{7CBAA2B6-115E-4ECF-8FDF-DBA1E67E64CE}.AppStore|x64.ActiveCfg = Release|Any CPU
		{7CBAA2B6-115E-4ECF-8FDF-DBA1E67E64CE}.AppStore|x64.Build.0 = Release|Any CPU
		{7CBAA2B6-115E-4ECF-8FDF-DBA1E67E64CE}.AppStore|x64.Deploy.0 = Release|Any CPU
		{7CBAA2B6-115E-4ECF-8FDF-DBA1E67E64CE}.AppStore|x86.ActiveCfg = Release|Any CPU
		{7CBAA2B6-115E-4ECF-8FDF-DBA1E67E64CE}.AppStore|x86.Build.0 = Release|Any CPU
		{7CBAA2B6-115E-4ECF-8FDF-DBA1E67E64CE}.AppStore|x86.Deploy.0 = Release|Any CPU
		{7CBAA2B6-115E-4ECF-8FDF-DBA1E67E64CE}.Debug|Any CPU.ActiveCfg = Debug|Any CPU
		{7CBAA2B6-115E-4ECF-8FDF-DBA1E67E64CE}.Debug|Any CPU.Build.0 = Debug|Any CPU
		{7CBAA2B6-115E-4ECF-8FDF-DBA1E67E64CE}.Debug|Any CPU.Deploy.0 = Debug|Any CPU
		{7CBAA2B6-115E-4ECF-8FDF-DBA1E67E64CE}.Debug|ARM.ActiveCfg = Debug|Any CPU
		{7CBAA2B6-115E-4ECF-8FDF-DBA1E67E64CE}.Debug|ARM.Build.0 = Debug|Any CPU
		{7CBAA2B6-115E-4ECF-8FDF-DBA1E67E64CE}.Debug|ARM.Deploy.0 = Debug|Any CPU
		{7CBAA2B6-115E-4ECF-8FDF-DBA1E67E64CE}.Debug|iPhone.ActiveCfg = Debug|Any CPU
		{7CBAA2B6-115E-4ECF-8FDF-DBA1E67E64CE}.Debug|iPhone.Build.0 = Debug|Any CPU
		{7CBAA2B6-115E-4ECF-8FDF-DBA1E67E64CE}.Debug|iPhone.Deploy.0 = Debug|Any CPU
		{7CBAA2B6-115E-4ECF-8FDF-DBA1E67E64CE}.Debug|iPhoneSimulator.ActiveCfg = Debug|Any CPU
		{7CBAA2B6-115E-4ECF-8FDF-DBA1E67E64CE}.Debug|iPhoneSimulator.Build.0 = Debug|Any CPU
		{7CBAA2B6-115E-4ECF-8FDF-DBA1E67E64CE}.Debug|iPhoneSimulator.Deploy.0 = Debug|Any CPU
		{7CBAA2B6-115E-4ECF-8FDF-DBA1E67E64CE}.Debug|x64.ActiveCfg = Debug|Any CPU
		{7CBAA2B6-115E-4ECF-8FDF-DBA1E67E64CE}.Debug|x64.Build.0 = Debug|Any CPU
		{7CBAA2B6-115E-4ECF-8FDF-DBA1E67E64CE}.Debug|x64.Deploy.0 = Debug|Any CPU
		{7CBAA2B6-115E-4ECF-8FDF-DBA1E67E64CE}.Debug|x86.ActiveCfg = Debug|Any CPU
		{7CBAA2B6-115E-4ECF-8FDF-DBA1E67E64CE}.Debug|x86.Build.0 = Debug|Any CPU
		{7CBAA2B6-115E-4ECF-8FDF-DBA1E67E64CE}.Debug|x86.Deploy.0 = Debug|Any CPU
		{7CBAA2B6-115E-4ECF-8FDF-DBA1E67E64CE}.Release|Any CPU.ActiveCfg = Release|Any CPU
		{7CBAA2B6-115E-4ECF-8FDF-DBA1E67E64CE}.Release|Any CPU.Build.0 = Release|Any CPU
		{7CBAA2B6-115E-4ECF-8FDF-DBA1E67E64CE}.Release|Any CPU.Deploy.0 = Release|Any CPU
		{7CBAA2B6-115E-4ECF-8FDF-DBA1E67E64CE}.Release|ARM.ActiveCfg = Release|Any CPU
		{7CBAA2B6-115E-4ECF-8FDF-DBA1E67E64CE}.Release|ARM.Build.0 = Release|Any CPU
		{7CBAA2B6-115E-4ECF-8FDF-DBA1E67E64CE}.Release|ARM.Deploy.0 = Release|Any CPU
		{7CBAA2B6-115E-4ECF-8FDF-DBA1E67E64CE}.Release|iPhone.ActiveCfg = Release|Any CPU
		{7CBAA2B6-115E-4ECF-8FDF-DBA1E67E64CE}.Release|iPhone.Build.0 = Release|Any CPU
		{7CBAA2B6-115E-4ECF-8FDF-DBA1E67E64CE}.Release|iPhone.Deploy.0 = Release|Any CPU
		{7CBAA2B6-115E-4ECF-8FDF-DBA1E67E64CE}.Release|iPhoneSimulator.ActiveCfg = Release|Any CPU
		{7CBAA2B6-115E-4ECF-8FDF-DBA1E67E64CE}.Release|iPhoneSimulator.Build.0 = Release|Any CPU
		{7CBAA2B6-115E-4ECF-8FDF-DBA1E67E64CE}.Release|iPhoneSimulator.Deploy.0 = Release|Any CPU
		{7CBAA2B6-115E-4ECF-8FDF-DBA1E67E64CE}.Release|x64.ActiveCfg = Release|Any CPU
		{7CBAA2B6-115E-4ECF-8FDF-DBA1E67E64CE}.Release|x64.Build.0 = Release|Any CPU
		{7CBAA2B6-115E-4ECF-8FDF-DBA1E67E64CE}.Release|x64.Deploy.0 = Release|Any CPU
		{7CBAA2B6-115E-4ECF-8FDF-DBA1E67E64CE}.Release|x86.ActiveCfg = Release|Any CPU
		{7CBAA2B6-115E-4ECF-8FDF-DBA1E67E64CE}.Release|x86.Build.0 = Release|Any CPU
		{7CBAA2B6-115E-4ECF-8FDF-DBA1E67E64CE}.Release|x86.Deploy.0 = Release|Any CPU
		{B4EDFD70-3CF6-47A9-AE0C-F47B23E7E6CF}.Ad-Hoc|Any CPU.ActiveCfg = Ad-Hoc|iPhone
		{B4EDFD70-3CF6-47A9-AE0C-F47B23E7E6CF}.Ad-Hoc|ARM.ActiveCfg = Ad-Hoc|iPhone
		{B4EDFD70-3CF6-47A9-AE0C-F47B23E7E6CF}.Ad-Hoc|iPhone.ActiveCfg = Ad-Hoc|iPhone
		{B4EDFD70-3CF6-47A9-AE0C-F47B23E7E6CF}.Ad-Hoc|iPhone.Build.0 = Ad-Hoc|iPhone
		{B4EDFD70-3CF6-47A9-AE0C-F47B23E7E6CF}.Ad-Hoc|iPhoneSimulator.ActiveCfg = Ad-Hoc|iPhoneSimulator
		{B4EDFD70-3CF6-47A9-AE0C-F47B23E7E6CF}.Ad-Hoc|iPhoneSimulator.Build.0 = Ad-Hoc|iPhoneSimulator
		{B4EDFD70-3CF6-47A9-AE0C-F47B23E7E6CF}.Ad-Hoc|x64.ActiveCfg = Ad-Hoc|iPhone
		{B4EDFD70-3CF6-47A9-AE0C-F47B23E7E6CF}.Ad-Hoc|x86.ActiveCfg = Ad-Hoc|iPhone
		{B4EDFD70-3CF6-47A9-AE0C-F47B23E7E6CF}.AppStore|Any CPU.ActiveCfg = AppStore|iPhone
		{B4EDFD70-3CF6-47A9-AE0C-F47B23E7E6CF}.AppStore|ARM.ActiveCfg = AppStore|iPhone
		{B4EDFD70-3CF6-47A9-AE0C-F47B23E7E6CF}.AppStore|iPhone.ActiveCfg = AppStore|iPhone
		{B4EDFD70-3CF6-47A9-AE0C-F47B23E7E6CF}.AppStore|iPhone.Build.0 = AppStore|iPhone
		{B4EDFD70-3CF6-47A9-AE0C-F47B23E7E6CF}.AppStore|iPhoneSimulator.ActiveCfg = AppStore|iPhoneSimulator
		{B4EDFD70-3CF6-47A9-AE0C-F47B23E7E6CF}.AppStore|iPhoneSimulator.Build.0 = AppStore|iPhoneSimulator
		{B4EDFD70-3CF6-47A9-AE0C-F47B23E7E6CF}.AppStore|x64.ActiveCfg = AppStore|iPhone
		{B4EDFD70-3CF6-47A9-AE0C-F47B23E7E6CF}.AppStore|x86.ActiveCfg = AppStore|iPhone
		{B4EDFD70-3CF6-47A9-AE0C-F47B23E7E6CF}.Debug|Any CPU.ActiveCfg = Debug|iPhone
		{B4EDFD70-3CF6-47A9-AE0C-F47B23E7E6CF}.Debug|ARM.ActiveCfg = Debug|iPhone
		{B4EDFD70-3CF6-47A9-AE0C-F47B23E7E6CF}.Debug|iPhone.ActiveCfg = Debug|iPhone
		{B4EDFD70-3CF6-47A9-AE0C-F47B23E7E6CF}.Debug|iPhone.Build.0 = Debug|iPhone
		{B4EDFD70-3CF6-47A9-AE0C-F47B23E7E6CF}.Debug|iPhoneSimulator.ActiveCfg = Debug|iPhoneSimulator
		{B4EDFD70-3CF6-47A9-AE0C-F47B23E7E6CF}.Debug|iPhoneSimulator.Build.0 = Debug|iPhoneSimulator
		{B4EDFD70-3CF6-47A9-AE0C-F47B23E7E6CF}.Debug|x64.ActiveCfg = Debug|iPhone
		{B4EDFD70-3CF6-47A9-AE0C-F47B23E7E6CF}.Debug|x86.ActiveCfg = Debug|iPhone
		{B4EDFD70-3CF6-47A9-AE0C-F47B23E7E6CF}.Release|Any CPU.ActiveCfg = Release|iPhone
		{B4EDFD70-3CF6-47A9-AE0C-F47B23E7E6CF}.Release|ARM.ActiveCfg = Release|iPhone
		{B4EDFD70-3CF6-47A9-AE0C-F47B23E7E6CF}.Release|iPhone.ActiveCfg = Release|iPhone
		{B4EDFD70-3CF6-47A9-AE0C-F47B23E7E6CF}.Release|iPhone.Build.0 = Release|iPhone
		{B4EDFD70-3CF6-47A9-AE0C-F47B23E7E6CF}.Release|iPhoneSimulator.ActiveCfg = Release|iPhoneSimulator
		{B4EDFD70-3CF6-47A9-AE0C-F47B23E7E6CF}.Release|iPhoneSimulator.Build.0 = Release|iPhoneSimulator
		{B4EDFD70-3CF6-47A9-AE0C-F47B23E7E6CF}.Release|x64.ActiveCfg = Release|iPhone
		{B4EDFD70-3CF6-47A9-AE0C-F47B23E7E6CF}.Release|x86.ActiveCfg = Release|iPhone
		{C1180CC9-B739-4A4B-A5AE-9324BEAF57F8}.Ad-Hoc|Any CPU.ActiveCfg = Release|Any CPU
		{C1180CC9-B739-4A4B-A5AE-9324BEAF57F8}.Ad-Hoc|Any CPU.Build.0 = Release|Any CPU
		{C1180CC9-B739-4A4B-A5AE-9324BEAF57F8}.Ad-Hoc|Any CPU.Deploy.0 = Release|Any CPU
		{C1180CC9-B739-4A4B-A5AE-9324BEAF57F8}.Ad-Hoc|ARM.ActiveCfg = Release|ARM
		{C1180CC9-B739-4A4B-A5AE-9324BEAF57F8}.Ad-Hoc|ARM.Build.0 = Release|ARM
		{C1180CC9-B739-4A4B-A5AE-9324BEAF57F8}.Ad-Hoc|ARM.Deploy.0 = Release|ARM
		{C1180CC9-B739-4A4B-A5AE-9324BEAF57F8}.Ad-Hoc|iPhone.ActiveCfg = Release|Any CPU
		{C1180CC9-B739-4A4B-A5AE-9324BEAF57F8}.Ad-Hoc|iPhone.Build.0 = Release|Any CPU
		{C1180CC9-B739-4A4B-A5AE-9324BEAF57F8}.Ad-Hoc|iPhone.Deploy.0 = Release|Any CPU
		{C1180CC9-B739-4A4B-A5AE-9324BEAF57F8}.Ad-Hoc|iPhoneSimulator.ActiveCfg = Release|Any CPU
		{C1180CC9-B739-4A4B-A5AE-9324BEAF57F8}.Ad-Hoc|iPhoneSimulator.Build.0 = Release|Any CPU
		{C1180CC9-B739-4A4B-A5AE-9324BEAF57F8}.Ad-Hoc|iPhoneSimulator.Deploy.0 = Release|Any CPU
		{C1180CC9-B739-4A4B-A5AE-9324BEAF57F8}.Ad-Hoc|x64.ActiveCfg = Release|Any CPU
		{C1180CC9-B739-4A4B-A5AE-9324BEAF57F8}.Ad-Hoc|x64.Build.0 = Release|Any CPU
		{C1180CC9-B739-4A4B-A5AE-9324BEAF57F8}.Ad-Hoc|x64.Deploy.0 = Release|Any CPU
		{C1180CC9-B739-4A4B-A5AE-9324BEAF57F8}.Ad-Hoc|x86.ActiveCfg = Release|x86
		{C1180CC9-B739-4A4B-A5AE-9324BEAF57F8}.Ad-Hoc|x86.Build.0 = Release|x86
		{C1180CC9-B739-4A4B-A5AE-9324BEAF57F8}.Ad-Hoc|x86.Deploy.0 = Release|x86
		{C1180CC9-B739-4A4B-A5AE-9324BEAF57F8}.AppStore|Any CPU.ActiveCfg = Release|Any CPU
		{C1180CC9-B739-4A4B-A5AE-9324BEAF57F8}.AppStore|Any CPU.Build.0 = Release|Any CPU
		{C1180CC9-B739-4A4B-A5AE-9324BEAF57F8}.AppStore|Any CPU.Deploy.0 = Release|Any CPU
		{C1180CC9-B739-4A4B-A5AE-9324BEAF57F8}.AppStore|ARM.ActiveCfg = Release|ARM
		{C1180CC9-B739-4A4B-A5AE-9324BEAF57F8}.AppStore|ARM.Build.0 = Release|ARM
		{C1180CC9-B739-4A4B-A5AE-9324BEAF57F8}.AppStore|ARM.Deploy.0 = Release|ARM
		{C1180CC9-B739-4A4B-A5AE-9324BEAF57F8}.AppStore|iPhone.ActiveCfg = Release|Any CPU
		{C1180CC9-B739-4A4B-A5AE-9324BEAF57F8}.AppStore|iPhone.Build.0 = Release|Any CPU
		{C1180CC9-B739-4A4B-A5AE-9324BEAF57F8}.AppStore|iPhone.Deploy.0 = Release|Any CPU
		{C1180CC9-B739-4A4B-A5AE-9324BEAF57F8}.AppStore|iPhoneSimulator.ActiveCfg = Release|Any CPU
		{C1180CC9-B739-4A4B-A5AE-9324BEAF57F8}.AppStore|iPhoneSimulator.Build.0 = Release|Any CPU
		{C1180CC9-B739-4A4B-A5AE-9324BEAF57F8}.AppStore|iPhoneSimulator.Deploy.0 = Release|Any CPU
		{C1180CC9-B739-4A4B-A5AE-9324BEAF57F8}.AppStore|x64.ActiveCfg = Release|Any CPU
		{C1180CC9-B739-4A4B-A5AE-9324BEAF57F8}.AppStore|x64.Build.0 = Release|Any CPU
		{C1180CC9-B739-4A4B-A5AE-9324BEAF57F8}.AppStore|x64.Deploy.0 = Release|Any CPU
		{C1180CC9-B739-4A4B-A5AE-9324BEAF57F8}.AppStore|x86.ActiveCfg = Release|x86
		{C1180CC9-B739-4A4B-A5AE-9324BEAF57F8}.AppStore|x86.Build.0 = Release|x86
		{C1180CC9-B739-4A4B-A5AE-9324BEAF57F8}.AppStore|x86.Deploy.0 = Release|x86
		{C1180CC9-B739-4A4B-A5AE-9324BEAF57F8}.Debug|Any CPU.ActiveCfg = Debug|Any CPU
		{C1180CC9-B739-4A4B-A5AE-9324BEAF57F8}.Debug|ARM.ActiveCfg = Debug|ARM
		{C1180CC9-B739-4A4B-A5AE-9324BEAF57F8}.Debug|ARM.Build.0 = Debug|ARM
		{C1180CC9-B739-4A4B-A5AE-9324BEAF57F8}.Debug|ARM.Deploy.0 = Debug|ARM
		{C1180CC9-B739-4A4B-A5AE-9324BEAF57F8}.Debug|iPhone.ActiveCfg = Debug|Any CPU
		{C1180CC9-B739-4A4B-A5AE-9324BEAF57F8}.Debug|iPhone.Build.0 = Debug|Any CPU
		{C1180CC9-B739-4A4B-A5AE-9324BEAF57F8}.Debug|iPhone.Deploy.0 = Debug|Any CPU
		{C1180CC9-B739-4A4B-A5AE-9324BEAF57F8}.Debug|iPhoneSimulator.ActiveCfg = Debug|Any CPU
		{C1180CC9-B739-4A4B-A5AE-9324BEAF57F8}.Debug|iPhoneSimulator.Build.0 = Debug|Any CPU
		{C1180CC9-B739-4A4B-A5AE-9324BEAF57F8}.Debug|iPhoneSimulator.Deploy.0 = Debug|Any CPU
		{C1180CC9-B739-4A4B-A5AE-9324BEAF57F8}.Debug|x64.ActiveCfg = Debug|Any CPU
		{C1180CC9-B739-4A4B-A5AE-9324BEAF57F8}.Debug|x64.Build.0 = Debug|Any CPU
		{C1180CC9-B739-4A4B-A5AE-9324BEAF57F8}.Debug|x64.Deploy.0 = Debug|Any CPU
		{C1180CC9-B739-4A4B-A5AE-9324BEAF57F8}.Debug|x86.ActiveCfg = Debug|x86
		{C1180CC9-B739-4A4B-A5AE-9324BEAF57F8}.Debug|x86.Build.0 = Debug|x86
		{C1180CC9-B739-4A4B-A5AE-9324BEAF57F8}.Debug|x86.Deploy.0 = Debug|x86
		{C1180CC9-B739-4A4B-A5AE-9324BEAF57F8}.Release|Any CPU.ActiveCfg = Release|Any CPU
		{C1180CC9-B739-4A4B-A5AE-9324BEAF57F8}.Release|Any CPU.Build.0 = Release|Any CPU
		{C1180CC9-B739-4A4B-A5AE-9324BEAF57F8}.Release|Any CPU.Deploy.0 = Release|Any CPU
		{C1180CC9-B739-4A4B-A5AE-9324BEAF57F8}.Release|ARM.ActiveCfg = Release|ARM
		{C1180CC9-B739-4A4B-A5AE-9324BEAF57F8}.Release|ARM.Build.0 = Release|ARM
		{C1180CC9-B739-4A4B-A5AE-9324BEAF57F8}.Release|ARM.Deploy.0 = Release|ARM
		{C1180CC9-B739-4A4B-A5AE-9324BEAF57F8}.Release|iPhone.ActiveCfg = Release|Any CPU
		{C1180CC9-B739-4A4B-A5AE-9324BEAF57F8}.Release|iPhone.Build.0 = Release|Any CPU
		{C1180CC9-B739-4A4B-A5AE-9324BEAF57F8}.Release|iPhone.Deploy.0 = Release|Any CPU
		{C1180CC9-B739-4A4B-A5AE-9324BEAF57F8}.Release|iPhoneSimulator.ActiveCfg = Release|Any CPU
		{C1180CC9-B739-4A4B-A5AE-9324BEAF57F8}.Release|iPhoneSimulator.Build.0 = Release|Any CPU
		{C1180CC9-B739-4A4B-A5AE-9324BEAF57F8}.Release|iPhoneSimulator.Deploy.0 = Release|Any CPU
		{C1180CC9-B739-4A4B-A5AE-9324BEAF57F8}.Release|x64.ActiveCfg = Release|Any CPU
		{C1180CC9-B739-4A4B-A5AE-9324BEAF57F8}.Release|x64.Build.0 = Release|Any CPU
		{C1180CC9-B739-4A4B-A5AE-9324BEAF57F8}.Release|x64.Deploy.0 = Release|Any CPU
		{C1180CC9-B739-4A4B-A5AE-9324BEAF57F8}.Release|x86.ActiveCfg = Release|x86
		{C1180CC9-B739-4A4B-A5AE-9324BEAF57F8}.Release|x86.Build.0 = Release|x86
		{C1180CC9-B739-4A4B-A5AE-9324BEAF57F8}.Release|x86.Deploy.0 = Release|x86
		{96F46B9F-D8CC-4B4C-9527-3B5795B1C581}.Ad-Hoc|Any CPU.ActiveCfg = Release|x86
		{96F46B9F-D8CC-4B4C-9527-3B5795B1C581}.Ad-Hoc|Any CPU.Build.0 = Release|x86
		{96F46B9F-D8CC-4B4C-9527-3B5795B1C581}.Ad-Hoc|Any CPU.Deploy.0 = Release|x86
		{96F46B9F-D8CC-4B4C-9527-3B5795B1C581}.Ad-Hoc|ARM.ActiveCfg = Release|ARM
		{96F46B9F-D8CC-4B4C-9527-3B5795B1C581}.Ad-Hoc|ARM.Build.0 = Release|ARM
		{96F46B9F-D8CC-4B4C-9527-3B5795B1C581}.Ad-Hoc|ARM.Deploy.0 = Release|ARM
		{96F46B9F-D8CC-4B4C-9527-3B5795B1C581}.Ad-Hoc|iPhone.ActiveCfg = Release|x86
		{96F46B9F-D8CC-4B4C-9527-3B5795B1C581}.Ad-Hoc|iPhone.Build.0 = Release|x86
		{96F46B9F-D8CC-4B4C-9527-3B5795B1C581}.Ad-Hoc|iPhone.Deploy.0 = Release|x86
		{96F46B9F-D8CC-4B4C-9527-3B5795B1C581}.Ad-Hoc|iPhoneSimulator.ActiveCfg = Release|x86
		{96F46B9F-D8CC-4B4C-9527-3B5795B1C581}.Ad-Hoc|iPhoneSimulator.Build.0 = Release|x86
		{96F46B9F-D8CC-4B4C-9527-3B5795B1C581}.Ad-Hoc|iPhoneSimulator.Deploy.0 = Release|x86
		{96F46B9F-D8CC-4B4C-9527-3B5795B1C581}.Ad-Hoc|x64.ActiveCfg = Release|x64
		{96F46B9F-D8CC-4B4C-9527-3B5795B1C581}.Ad-Hoc|x64.Build.0 = Release|x64
		{96F46B9F-D8CC-4B4C-9527-3B5795B1C581}.Ad-Hoc|x64.Deploy.0 = Release|x64
		{96F46B9F-D8CC-4B4C-9527-3B5795B1C581}.Ad-Hoc|x86.ActiveCfg = Release|x86
		{96F46B9F-D8CC-4B4C-9527-3B5795B1C581}.Ad-Hoc|x86.Build.0 = Release|x86
		{96F46B9F-D8CC-4B4C-9527-3B5795B1C581}.Ad-Hoc|x86.Deploy.0 = Release|x86
		{96F46B9F-D8CC-4B4C-9527-3B5795B1C581}.AppStore|Any CPU.ActiveCfg = Release|x86
		{96F46B9F-D8CC-4B4C-9527-3B5795B1C581}.AppStore|Any CPU.Build.0 = Release|x86
		{96F46B9F-D8CC-4B4C-9527-3B5795B1C581}.AppStore|Any CPU.Deploy.0 = Release|x86
		{96F46B9F-D8CC-4B4C-9527-3B5795B1C581}.AppStore|ARM.ActiveCfg = Release|ARM
		{96F46B9F-D8CC-4B4C-9527-3B5795B1C581}.AppStore|ARM.Build.0 = Release|ARM
		{96F46B9F-D8CC-4B4C-9527-3B5795B1C581}.AppStore|ARM.Deploy.0 = Release|ARM
		{96F46B9F-D8CC-4B4C-9527-3B5795B1C581}.AppStore|iPhone.ActiveCfg = Release|x86
		{96F46B9F-D8CC-4B4C-9527-3B5795B1C581}.AppStore|iPhone.Build.0 = Release|x86
		{96F46B9F-D8CC-4B4C-9527-3B5795B1C581}.AppStore|iPhone.Deploy.0 = Release|x86
		{96F46B9F-D8CC-4B4C-9527-3B5795B1C581}.AppStore|iPhoneSimulator.ActiveCfg = Release|x86
		{96F46B9F-D8CC-4B4C-9527-3B5795B1C581}.AppStore|iPhoneSimulator.Build.0 = Release|x86
		{96F46B9F-D8CC-4B4C-9527-3B5795B1C581}.AppStore|iPhoneSimulator.Deploy.0 = Release|x86
		{96F46B9F-D8CC-4B4C-9527-3B5795B1C581}.AppStore|x64.ActiveCfg = Release|x64
		{96F46B9F-D8CC-4B4C-9527-3B5795B1C581}.AppStore|x64.Build.0 = Release|x64
		{96F46B9F-D8CC-4B4C-9527-3B5795B1C581}.AppStore|x64.Deploy.0 = Release|x64
		{96F46B9F-D8CC-4B4C-9527-3B5795B1C581}.AppStore|x86.ActiveCfg = Release|x86
		{96F46B9F-D8CC-4B4C-9527-3B5795B1C581}.AppStore|x86.Build.0 = Release|x86
		{96F46B9F-D8CC-4B4C-9527-3B5795B1C581}.AppStore|x86.Deploy.0 = Release|x86
		{96F46B9F-D8CC-4B4C-9527-3B5795B1C581}.Debug|Any CPU.ActiveCfg = Debug|x86
		{96F46B9F-D8CC-4B4C-9527-3B5795B1C581}.Debug|ARM.ActiveCfg = Debug|ARM
		{96F46B9F-D8CC-4B4C-9527-3B5795B1C581}.Debug|ARM.Build.0 = Debug|ARM
		{96F46B9F-D8CC-4B4C-9527-3B5795B1C581}.Debug|ARM.Deploy.0 = Debug|ARM
		{96F46B9F-D8CC-4B4C-9527-3B5795B1C581}.Debug|iPhone.ActiveCfg = Debug|x86
		{96F46B9F-D8CC-4B4C-9527-3B5795B1C581}.Debug|iPhoneSimulator.ActiveCfg = Debug|x86
		{96F46B9F-D8CC-4B4C-9527-3B5795B1C581}.Debug|x64.ActiveCfg = Debug|x64
		{96F46B9F-D8CC-4B4C-9527-3B5795B1C581}.Debug|x64.Build.0 = Debug|x64
		{96F46B9F-D8CC-4B4C-9527-3B5795B1C581}.Debug|x64.Deploy.0 = Debug|x64
		{96F46B9F-D8CC-4B4C-9527-3B5795B1C581}.Debug|x86.ActiveCfg = Debug|x86
		{96F46B9F-D8CC-4B4C-9527-3B5795B1C581}.Debug|x86.Build.0 = Debug|x86
		{96F46B9F-D8CC-4B4C-9527-3B5795B1C581}.Debug|x86.Deploy.0 = Debug|x86
		{96F46B9F-D8CC-4B4C-9527-3B5795B1C581}.Release|Any CPU.ActiveCfg = Release|x86
		{96F46B9F-D8CC-4B4C-9527-3B5795B1C581}.Release|ARM.ActiveCfg = Release|ARM
		{96F46B9F-D8CC-4B4C-9527-3B5795B1C581}.Release|ARM.Build.0 = Release|ARM
		{96F46B9F-D8CC-4B4C-9527-3B5795B1C581}.Release|ARM.Deploy.0 = Release|ARM
		{96F46B9F-D8CC-4B4C-9527-3B5795B1C581}.Release|iPhone.ActiveCfg = Release|x86
		{96F46B9F-D8CC-4B4C-9527-3B5795B1C581}.Release|iPhoneSimulator.ActiveCfg = Release|x86
		{96F46B9F-D8CC-4B4C-9527-3B5795B1C581}.Release|x64.ActiveCfg = Release|x64
		{96F46B9F-D8CC-4B4C-9527-3B5795B1C581}.Release|x64.Build.0 = Release|x64
		{96F46B9F-D8CC-4B4C-9527-3B5795B1C581}.Release|x64.Deploy.0 = Release|x64
		{96F46B9F-D8CC-4B4C-9527-3B5795B1C581}.Release|x86.ActiveCfg = Release|x86
		{96F46B9F-D8CC-4B4C-9527-3B5795B1C581}.Release|x86.Build.0 = Release|x86
		{96F46B9F-D8CC-4B4C-9527-3B5795B1C581}.Release|x86.Deploy.0 = Release|x86
		{DABFED39-1503-43AD-899E-8C7FE3BB5E05}.Ad-Hoc|Any CPU.ActiveCfg = Release|Any CPU
		{DABFED39-1503-43AD-899E-8C7FE3BB5E05}.Ad-Hoc|Any CPU.Build.0 = Release|Any CPU
		{DABFED39-1503-43AD-899E-8C7FE3BB5E05}.Ad-Hoc|Any CPU.Deploy.0 = Release|Any CPU
		{DABFED39-1503-43AD-899E-8C7FE3BB5E05}.Ad-Hoc|ARM.ActiveCfg = Release|ARM
		{DABFED39-1503-43AD-899E-8C7FE3BB5E05}.Ad-Hoc|ARM.Build.0 = Release|ARM
		{DABFED39-1503-43AD-899E-8C7FE3BB5E05}.Ad-Hoc|ARM.Deploy.0 = Release|ARM
		{DABFED39-1503-43AD-899E-8C7FE3BB5E05}.Ad-Hoc|iPhone.ActiveCfg = Release|Any CPU
		{DABFED39-1503-43AD-899E-8C7FE3BB5E05}.Ad-Hoc|iPhone.Build.0 = Release|Any CPU
		{DABFED39-1503-43AD-899E-8C7FE3BB5E05}.Ad-Hoc|iPhone.Deploy.0 = Release|Any CPU
		{DABFED39-1503-43AD-899E-8C7FE3BB5E05}.Ad-Hoc|iPhoneSimulator.ActiveCfg = Release|Any CPU
		{DABFED39-1503-43AD-899E-8C7FE3BB5E05}.Ad-Hoc|iPhoneSimulator.Build.0 = Release|Any CPU
		{DABFED39-1503-43AD-899E-8C7FE3BB5E05}.Ad-Hoc|iPhoneSimulator.Deploy.0 = Release|Any CPU
		{DABFED39-1503-43AD-899E-8C7FE3BB5E05}.Ad-Hoc|x64.ActiveCfg = Release|x64
		{DABFED39-1503-43AD-899E-8C7FE3BB5E05}.Ad-Hoc|x64.Build.0 = Release|x64
		{DABFED39-1503-43AD-899E-8C7FE3BB5E05}.Ad-Hoc|x64.Deploy.0 = Release|x64
		{DABFED39-1503-43AD-899E-8C7FE3BB5E05}.Ad-Hoc|x86.ActiveCfg = Release|x86
		{DABFED39-1503-43AD-899E-8C7FE3BB5E05}.Ad-Hoc|x86.Build.0 = Release|x86
		{DABFED39-1503-43AD-899E-8C7FE3BB5E05}.Ad-Hoc|x86.Deploy.0 = Release|x86
		{DABFED39-1503-43AD-899E-8C7FE3BB5E05}.AppStore|Any CPU.ActiveCfg = Release|Any CPU
		{DABFED39-1503-43AD-899E-8C7FE3BB5E05}.AppStore|Any CPU.Build.0 = Release|Any CPU
		{DABFED39-1503-43AD-899E-8C7FE3BB5E05}.AppStore|Any CPU.Deploy.0 = Release|Any CPU
		{DABFED39-1503-43AD-899E-8C7FE3BB5E05}.AppStore|ARM.ActiveCfg = Release|ARM
		{DABFED39-1503-43AD-899E-8C7FE3BB5E05}.AppStore|ARM.Build.0 = Release|ARM
		{DABFED39-1503-43AD-899E-8C7FE3BB5E05}.AppStore|ARM.Deploy.0 = Release|ARM
		{DABFED39-1503-43AD-899E-8C7FE3BB5E05}.AppStore|iPhone.ActiveCfg = Release|Any CPU
		{DABFED39-1503-43AD-899E-8C7FE3BB5E05}.AppStore|iPhone.Build.0 = Release|Any CPU
		{DABFED39-1503-43AD-899E-8C7FE3BB5E05}.AppStore|iPhone.Deploy.0 = Release|Any CPU
		{DABFED39-1503-43AD-899E-8C7FE3BB5E05}.AppStore|iPhoneSimulator.ActiveCfg = Release|Any CPU
		{DABFED39-1503-43AD-899E-8C7FE3BB5E05}.AppStore|iPhoneSimulator.Build.0 = Release|Any CPU
		{DABFED39-1503-43AD-899E-8C7FE3BB5E05}.AppStore|iPhoneSimulator.Deploy.0 = Release|Any CPU
		{DABFED39-1503-43AD-899E-8C7FE3BB5E05}.AppStore|x64.ActiveCfg = Release|x64
		{DABFED39-1503-43AD-899E-8C7FE3BB5E05}.AppStore|x64.Build.0 = Release|x64
		{DABFED39-1503-43AD-899E-8C7FE3BB5E05}.AppStore|x64.Deploy.0 = Release|x64
		{DABFED39-1503-43AD-899E-8C7FE3BB5E05}.AppStore|x86.ActiveCfg = Release|x86
		{DABFED39-1503-43AD-899E-8C7FE3BB5E05}.AppStore|x86.Build.0 = Release|x86
		{DABFED39-1503-43AD-899E-8C7FE3BB5E05}.AppStore|x86.Deploy.0 = Release|x86
		{DABFED39-1503-43AD-899E-8C7FE3BB5E05}.Debug|Any CPU.ActiveCfg = Debug|Any CPU
		{DABFED39-1503-43AD-899E-8C7FE3BB5E05}.Debug|ARM.ActiveCfg = Debug|ARM
		{DABFED39-1503-43AD-899E-8C7FE3BB5E05}.Debug|ARM.Build.0 = Debug|ARM
		{DABFED39-1503-43AD-899E-8C7FE3BB5E05}.Debug|ARM.Deploy.0 = Debug|ARM
		{DABFED39-1503-43AD-899E-8C7FE3BB5E05}.Debug|iPhone.ActiveCfg = Debug|Any CPU
		{DABFED39-1503-43AD-899E-8C7FE3BB5E05}.Debug|iPhone.Build.0 = Debug|Any CPU
		{DABFED39-1503-43AD-899E-8C7FE3BB5E05}.Debug|iPhone.Deploy.0 = Debug|Any CPU
		{DABFED39-1503-43AD-899E-8C7FE3BB5E05}.Debug|iPhoneSimulator.ActiveCfg = Debug|Any CPU
		{DABFED39-1503-43AD-899E-8C7FE3BB5E05}.Debug|iPhoneSimulator.Build.0 = Debug|Any CPU
		{DABFED39-1503-43AD-899E-8C7FE3BB5E05}.Debug|iPhoneSimulator.Deploy.0 = Debug|Any CPU
		{DABFED39-1503-43AD-899E-8C7FE3BB5E05}.Debug|x64.ActiveCfg = Debug|x64
		{DABFED39-1503-43AD-899E-8C7FE3BB5E05}.Debug|x64.Build.0 = Debug|x64
		{DABFED39-1503-43AD-899E-8C7FE3BB5E05}.Debug|x64.Deploy.0 = Debug|x64
		{DABFED39-1503-43AD-899E-8C7FE3BB5E05}.Debug|x86.ActiveCfg = Debug|x86
		{DABFED39-1503-43AD-899E-8C7FE3BB5E05}.Debug|x86.Build.0 = Debug|x86
		{DABFED39-1503-43AD-899E-8C7FE3BB5E05}.Debug|x86.Deploy.0 = Debug|x86
		{DABFED39-1503-43AD-899E-8C7FE3BB5E05}.Release|Any CPU.ActiveCfg = Release|Any CPU
		{DABFED39-1503-43AD-899E-8C7FE3BB5E05}.Release|Any CPU.Build.0 = Release|Any CPU
		{DABFED39-1503-43AD-899E-8C7FE3BB5E05}.Release|Any CPU.Deploy.0 = Release|Any CPU
		{DABFED39-1503-43AD-899E-8C7FE3BB5E05}.Release|ARM.ActiveCfg = Release|ARM
		{DABFED39-1503-43AD-899E-8C7FE3BB5E05}.Release|ARM.Build.0 = Release|ARM
		{DABFED39-1503-43AD-899E-8C7FE3BB5E05}.Release|ARM.Deploy.0 = Release|ARM
		{DABFED39-1503-43AD-899E-8C7FE3BB5E05}.Release|iPhone.ActiveCfg = Release|Any CPU
		{DABFED39-1503-43AD-899E-8C7FE3BB5E05}.Release|iPhone.Build.0 = Release|Any CPU
		{DABFED39-1503-43AD-899E-8C7FE3BB5E05}.Release|iPhone.Deploy.0 = Release|Any CPU
		{DABFED39-1503-43AD-899E-8C7FE3BB5E05}.Release|iPhoneSimulator.ActiveCfg = Release|Any CPU
		{DABFED39-1503-43AD-899E-8C7FE3BB5E05}.Release|iPhoneSimulator.Build.0 = Release|Any CPU
		{DABFED39-1503-43AD-899E-8C7FE3BB5E05}.Release|iPhoneSimulator.Deploy.0 = Release|Any CPU
		{DABFED39-1503-43AD-899E-8C7FE3BB5E05}.Release|x64.ActiveCfg = Release|x64
		{DABFED39-1503-43AD-899E-8C7FE3BB5E05}.Release|x64.Build.0 = Release|x64
		{DABFED39-1503-43AD-899E-8C7FE3BB5E05}.Release|x64.Deploy.0 = Release|x64
		{DABFED39-1503-43AD-899E-8C7FE3BB5E05}.Release|x86.ActiveCfg = Release|x86
		{DABFED39-1503-43AD-899E-8C7FE3BB5E05}.Release|x86.Build.0 = Release|x86
		{DABFED39-1503-43AD-899E-8C7FE3BB5E05}.Release|x86.Deploy.0 = Release|x86
	EndGlobalSection
	GlobalSection(SolutionProperties) = preSolution
		HideSolutionNode = FALSE
	EndGlobalSection
EndGlobal
